
Microsoft Visual Studio Solution File, Format Version 12.00
# Visual Studio Version 17
VisualStudioVersion = 17.13.35825.156 d17.13
MinimumVisualStudioVersion = 10.0.40219.1
Project("{FAE04EC0-301F-11D3-BF4B-00C04F79EFBC}") = "CaseStudy", "CaseStudy\CaseStudy.csproj", "{1B49BD31-528A-486B-BCAD-8CFC0DA8214B}"
EndProject
Global
	GlobalSection(SolutionConfigurationPlatforms) = preSolution
		Debug|Any CPU = Debug|Any CPU
		Release|Any CPU = Release|Any CPU
	EndGlobalSection
	GlobalSection(ProjectConfigurationPlatforms) = postSolution
		{1B49BD31-528A-486B-BCAD-8CFC0DA8214B}.Debug|Any CPU.ActiveCfg = Debug|Any CPU
		{1B49BD31-528A-486B-BCAD-8CFC0DA8214B}.Debug|Any CPU.Build.0 = Debug|Any CPU
		{1B49BD31-528A-486B-BCAD-8CFC0DA8214B}.Release|Any CPU.ActiveCfg = Release|Any CPU
		{1B49BD31-528A-486B-BCAD-8CFC0DA8214B}.Release|Any CPU.Build.0 = Release|Any CPU
	EndGlobalSection
	GlobalSection(SolutionProperties) = preSolution
		HideSolutionNode = FALSE
	EndGlobalSection
	GlobalSection(ExtensibilityGlobals) = postSolution
		SolutionGuid = {8572F104-B3D4-4379-AB71-81B88AC34F4F}
	EndGlobalSection
EndGlobal
